// !$*UTF8*$!
{
	archiveVersion = 1;
	classes = {
	};
	objectVersion = 50;
	objects = {

/* Begin PBXBuildFile section */
		4B37FEFF2198E70A0000C04A /* MovieHeader.swift in Sources */ = {isa = PBXBuildFile; fileRef = 4B37FEFE2198E70A0000C04A /* MovieHeader.swift */; };
		4B37FF012198E7DC0000C04A /* UIColor.swift in Sources */ = {isa = PBXBuildFile; fileRef = 4B37FF002198E7DC0000C04A /* UIColor.swift */; };
		4B37FF042198F63A0000C04A /* MovieCollectionLayout.swift in Sources */ = {isa = PBXBuildFile; fileRef = 4B37FF032198F63A0000C04A /* MovieCollectionLayout.swift */; };
		4B37FF0621990BC30000C04A /* MovieFooters.swift in Sources */ = {isa = PBXBuildFile; fileRef = 4B37FF0521990BC30000C04A /* MovieFooters.swift */; };
		4BF0A4E121976A7200E72125 /* AppDelegate.swift in Sources */ = {isa = PBXBuildFile; fileRef = 4BF0A4E021976A7200E72125 /* AppDelegate.swift */; };
		4BF0A4E321976A7200E72125 /* ViewController.swift in Sources */ = {isa = PBXBuildFile; fileRef = 4BF0A4E221976A7200E72125 /* ViewController.swift */; };
		4BF0A4E821976A7300E72125 /* Assets.xcassets in Resources */ = {isa = PBXBuildFile; fileRef = 4BF0A4E721976A7300E72125 /* Assets.xcassets */; };
		4BF0A4EB21976A7300E72125 /* LaunchScreen.storyboard in Resources */ = {isa = PBXBuildFile; fileRef = 4BF0A4E921976A7300E72125 /* LaunchScreen.storyboard */; };
		4BF0A4FA21976C1500E72125 /* MovieCell.swift in Sources */ = {isa = PBXBuildFile; fileRef = 4BF0A4F921976C1500E72125 /* MovieCell.swift */; };
		4BF0A4FC219797FE00E72125 /* Movie.swift in Sources */ = {isa = PBXBuildFile; fileRef = 4BF0A4FB219797FE00E72125 /* Movie.swift */; };
/* End PBXBuildFile section */

/* Begin PBXFileReference section */
		4B37FEFE2198E70A0000C04A /* MovieHeader.swift */ = {isa = PBXFileReference; lastKnownFileType = sourcecode.swift; path = MovieHeader.swift; sourceTree = "<group>"; };
		4B37FF002198E7DC0000C04A /* UIColor.swift */ = {isa = PBXFileReference; lastKnownFileType = sourcecode.swift; path = UIColor.swift; sourceTree = "<group>"; };
		4B37FF032198F63A0000C04A /* MovieCollectionLayout.swift */ = {isa = PBXFileReference; lastKnownFileType = sourcecode.swift; path = MovieCollectionLayout.swift; sourceTree = "<group>"; };
		4B37FF0521990BC30000C04A /* MovieFooters.swift */ = {isa = PBXFileReference; lastKnownFileType = sourcecode.swift; path = MovieFooters.swift; sourceTree = "<group>"; };
		4BF0A4DD21976A7200E72125 /* movie_displayer.app */ = {isa = PBXFileReference; explicitFileType = wrapper.application; includeInIndex = 0; path = movie_displayer.app; sourceTree = BUILT_PRODUCTS_DIR; };
		4BF0A4E021976A7200E72125 /* AppDelegate.swift */ = {isa = PBXFileReference; lastKnownFileType = sourcecode.swift; path = AppDelegate.swift; sourceTree = "<group>"; };
		4BF0A4E221976A7200E72125 /* ViewController.swift */ = {isa = PBXFileReference; lastKnownFileType = sourcecode.swift; path = ViewController.swift; sourceTree = "<group>"; };
		4BF0A4E721976A7300E72125 /* Assets.xcassets */ = {isa = PBXFileReference; lastKnownFileType = folder.assetcatalog; path = Assets.xcassets; sourceTree = "<group>"; };
		4BF0A4EA21976A7300E72125 /* Base */ = {isa = PBXFileReference; lastKnownFileType = file.storyboard; name = Base; path = Base.lproj/LaunchScreen.storyboard; sourceTree = "<group>"; };
		4BF0A4EC21976A7300E72125 /* Info.plist */ = {isa = PBXFileReference; lastKnownFileType = text.plist.xml; path = Info.plist; sourceTree = "<group>"; };
		4BF0A4F921976C1500E72125 /* MovieCell.swift */ = {isa = PBXFileReference; lastKnownFileType = sourcecode.swift; path = MovieCell.swift; sourceTree = "<group>"; };
		4BF0A4FB219797FE00E72125 /* Movie.swift */ = {isa = PBXFileReference; lastKnownFileType = sourcecode.swift; path = Movie.swift; sourceTree = "<group>"; };
/* End PBXFileReference section */

/* Begin PBXFrameworksBuildPhase section */
		4BF0A4DA21976A7200E72125 /* Frameworks */ = {
			isa = PBXFrameworksBuildPhase;
			buildActionMask = 2147483647;
			files = (
			);
			runOnlyForDeploymentPostprocessing = 0;
		};
/* End PBXFrameworksBuildPhase section */

/* Begin PBXGroup section */
		4B37FF022198F6290000C04A /* Layout */ = {
			isa = PBXGroup;
			children = (
				4B37FF032198F63A0000C04A /* MovieCollectionLayout.swift */,
			);
			path = Layout;
			sourceTree = "<group>";
		};
		4BF0A4D421976A7200E72125 = {
			isa = PBXGroup;
			children = (
				4BF0A4DF21976A7200E72125 /* movie_displayer */,
				4BF0A4DE21976A7200E72125 /* Products */,
			);
			sourceTree = "<group>";
		};
		4BF0A4DE21976A7200E72125 /* Products */ = {
			isa = PBXGroup;
			children = (
				4BF0A4DD21976A7200E72125 /* movie_displayer.app */,
			);
			name = Products;
			sourceTree = "<group>";
		};
		4BF0A4DF21976A7200E72125 /* movie_displayer */ = {
			isa = PBXGroup;
			children = (
				4B37FF022198F6290000C04A /* Layout */,
				4BF0A4F521976B7500E72125 /* Views */,
				4BF0A4F421976B7000E72125 /* Models */,
				4BF0A4F321976B6900E72125 /* Extensions */,
				4BF0A4F221976B5D00E72125 /* Controllers */,
				4BF0A4E021976A7200E72125 /* AppDelegate.swift */,
				4BF0A4E721976A7300E72125 /* Assets.xcassets */,
				4BF0A4E921976A7300E72125 /* LaunchScreen.storyboard */,
				4BF0A4EC21976A7300E72125 /* Info.plist */,
			);
			path = movie_displayer;
			sourceTree = "<group>";
		};
		4BF0A4F221976B5D00E72125 /* Controllers */ = {
			isa = PBXGroup;
			children = (
				4BF0A4E221976A7200E72125 /* ViewController.swift */,
			);
			path = Controllers;
			sourceTree = "<group>";
		};
		4BF0A4F321976B6900E72125 /* Extensions */ = {
			isa = PBXGroup;
			children = (
				4B37FF002198E7DC0000C04A /* UIColor.swift */,
			);
			path = Extensions;
			sourceTree = "<group>";
		};
		4BF0A4F421976B7000E72125 /* Models */ = {
			isa = PBXGroup;
			children = (
				4BF0A4FB219797FE00E72125 /* Movie.swift */,
			);
			path = Models;
			sourceTree = "<group>";
		};
		4BF0A4F521976B7500E72125 /* Views */ = {
			isa = PBXGroup;
			children = (
				4BF0A4F921976C1500E72125 /* MovieCell.swift */,
				4B37FEFE2198E70A0000C04A /* MovieHeader.swift */,
				4B37FF0521990BC30000C04A /* MovieFooters.swift */,
			);
			path = Views;
			sourceTree = "<group>";
		};
/* End PBXGroup section */

/* Begin PBXNativeTarget section */
		4BF0A4DC21976A7200E72125 /* movie_displayer */ = {
			isa = PBXNativeTarget;
			buildConfigurationList = 4BF0A4EF21976A7300E72125 /* Build configuration list for PBXNativeTarget "movie_displayer" */;
			buildPhases = (
				4BF0A4D921976A7200E72125 /* Sources */,
				4BF0A4DA21976A7200E72125 /* Frameworks */,
				4BF0A4DB21976A7200E72125 /* Resources */,
			);
			buildRules = (
			);
			dependencies = (
			);
			name = movie_displayer;
			productName = movie_displayer;
			productReference = 4BF0A4DD21976A7200E72125 /* movie_displayer.app */;
			productType = "com.apple.product-type.application";
		};
/* End PBXNativeTarget section */

/* Begin PBXProject section */
		4BF0A4D521976A7200E72125 /* Project object */ = {
			isa = PBXProject;
			attributes = {
				LastSwiftUpdateCheck = 1010;
				LastUpgradeCheck = 1010;
				ORGANIZATIONNAME = "andres murguido";
				TargetAttributes = {
					4BF0A4DC21976A7200E72125 = {
						CreatedOnToolsVersion = 10.1;
					};
				};
			};
			buildConfigurationList = 4BF0A4D821976A7200E72125 /* Build configuration list for PBXProject "movie_displayer" */;
			compatibilityVersion = "Xcode 9.3";
			developmentRegion = en;
			hasScannedForEncodings = 0;
			knownRegions = (
				en,
				Base,
			);
			mainGroup = 4BF0A4D421976A7200E72125;
			productRefGroup = 4BF0A4DE21976A7200E72125 /* Products */;
			projectDirPath = "";
			projectRoot = "";
			targets = (
				4BF0A4DC21976A7200E72125 /* movie_displayer */,
			);
		};
/* End PBXProject section */

/* Begin PBXResourcesBuildPhase section */
		4BF0A4DB21976A7200E72125 /* Resources */ = {
			isa = PBXResourcesBuildPhase;
			buildActionMask = 2147483647;
			files = (
				4BF0A4EB21976A7300E72125 /* LaunchScreen.storyboard in Resources */,
				4BF0A4E821976A7300E72125 /* Assets.xcassets in Resources */,
			);
			runOnlyForDeploymentPostprocessing = 0;
		};
/* End PBXResourcesBuildPhase section */

/* Begin PBXSourcesBuildPhase section */
		4BF0A4D921976A7200E72125 /* Sources */ = {
			isa = PBXSourcesBuildPhase;
			buildActionMask = 2147483647;
			files = (
				4BF0A4E321976A7200E72125 /* ViewController.swift in Sources */,
				4B37FF012198E7DC0000C04A /* UIColor.swift in Sources */,
				4BF0A4FA21976C1500E72125 /* MovieCell.swift in Sources */,
				4BF0A4E121976A7200E72125 /* AppDelegate.swift in Sources */,
				4BF0A4FC219797FE00E72125 /* Movie.swift in Sources */,
				4B37FF042198F63A0000C04A /* MovieCollectionLayout.swift in Sources */,
				4B37FEFF2198E70A0000C04A /* MovieHeader.swift in Sources */,
				4B37FF0621990BC30000C04A /* MovieFooters.swift in Sources */,
			);
			runOnlyForDeploymentPostprocessing = 0;
		};
/* End PBXSourcesBuildPhase section */

/* Begin PBXVariantGroup section */
		4BF0A4E921976A7300E72125 /* LaunchScreen.storyboard */ = {
			isa = PBXVariantGroup;
			children = (
				4BF0A4EA21976A7300E72125 /* Base */,
			);
			name = LaunchScreen.storyboard;
			sourceTree = "<group>";
		};
/* End PBXVariantGroup section */

/* Begin XCBuildConfiguration section */
		4BF0A4ED21976A7300E72125 /* Debug */ = {
			isa = XCBuildConfiguration;
			buildSettings = {
				ALWAYS_SEARCH_USER_PATHS = NO;
				CLANG_ANALYZER_NONNULL = YES;
				CLANG_ANALYZER_NUMBER_OBJECT_CONVERSION = YES_AGGRESSIVE;
				CLANG_CXX_LANGUAGE_STANDARD = "gnu++14";
				CLANG_CXX_LIBRARY = "libc++";
				CLANG_ENABLE_MODULES = YES;
				CLANG_ENABLE_OBJC_ARC = YES;
				CLANG_ENABLE_OBJC_WEAK = YES;
				CLANG_WARN_BLOCK_CAPTURE_AUTORELEASING = YES;
				CLANG_WARN_BOOL_CONVERSION = YES;
				CLANG_WARN_COMMA = YES;
				CLANG_WARN_CONSTANT_CONVERSION = YES;
				CLANG_WARN_DEPRECATED_OBJC_IMPLEMENTATIONS = YES;
				CLANG_WARN_DIRECT_OBJC_ISA_USAGE = YES_ERROR;
				CLANG_WARN_DOCUMENTATION_COMMENTS = YES;
				CLANG_WARN_EMPTY_BODY = YES;
				CLANG_WARN_ENUM_CONVERSION = YES;
				CLANG_WARN_INFINITE_RECURSION = YES;
				CLANG_WARN_INT_CONVERSION = YES;
				CLANG_WARN_NON_LITERAL_NULL_CONVERSION = YES;
				CLANG_WARN_OBJC_IMPLICIT_RETAIN_SELF = YES;
				CLANG_WARN_OBJC_LITERAL_CONVERSION = YES;
				CLANG_WARN_OBJC_ROOT_CLASS = YES_ERROR;
				CLANG_WARN_RANGE_LOOP_ANALYSIS = YES;
				CLANG_WARN_STRICT_PROTOTYPES = YES;
				CLANG_WARN_SUSPICIOUS_MOVE = YES;
				CLANG_WARN_UNGUARDED_AVAILABILITY = YES_AGGRESSIVE;
				CLANG_WARN_UNREACHABLE_CODE = YES;
				CLANG_WARN__DUPLICATE_METHOD_MATCH = YES;
				CODE_SIGN_IDENTITY = "iPhone Developer";
				COPY_PHASE_STRIP = NO;
				DEBUG_INFORMATION_FORMAT = dwarf;
				ENABLE_STRICT_OBJC_MSGSEND = YES;
				ENABLE_TESTABILITY = YES;
				GCC_C_LANGUAGE_STANDARD = gnu11;
				GCC_DYNAMIC_NO_PIC = NO;
				GCC_NO_COMMON_BLOCKS = YES;
				GCC_OPTIMIZATION_LEVEL = 0;
				GCC_PREPROCESSOR_DEFINITIONS = (
					"DEBUG=1",
					"$(inherited)",
				);
				GCC_WARN_64_TO_32_BIT_CONVERSION = YES;
				GCC_WARN_ABOUT_RETURN_TYPE = YES_ERROR;
				GCC_WARN_UNDECLARED_SELECTOR = YES;
				GCC_WARN_UNINITIALIZED_AUTOS = YES_AGGRESSIVE;
				GCC_WARN_UNUSED_FUNCTION = YES;
				GCC_WARN_UNUSED_VARIABLE = YES;
				IPHONEOS_DEPLOYMENT_TARGET = 12.1;
				MTL_ENABLE_DEBUG_INFO = INCLUDE_SOURCE;
				MTL_FAST_MATH = YES;
				ONLY_ACTIVE_ARCH = YES;
				SDKROOT = iphoneos;
				SWIFT_ACTIVE_COMPILATION_CONDITIONS = DEBUG;
				SWIFT_OPTIMIZATION_LEVEL = "-Onone";
			};
			name = Debug;
		};
		4BF0A4EE21976A7300E72125 /* Release */ = {
			isa = XCBuildConfiguration;
			buildSettings = {
				ALWAYS_SEARCH_USER_PATHS = NO;
				CLANG_ANALYZER_NONNULL = YES;
				CLANG_ANALYZER_NUMBER_OBJECT_CONVERSION = YES_AGGRESSIVE;
				CLANG_CXX_LANGUAGE_STANDARD = "gnu++14";
				CLANG_CXX_LIBRARY = "libc++";
				CLANG_ENABLE_MODULES = YES;
				CLANG_ENABLE_OBJC_ARC = YES;
				CLANG_ENABLE_OBJC_WEAK = YES;
				CLANG_WARN_BLOCK_CAPTURE_AUTORELEASING = YES;
				CLANG_WARN_BOOL_CONVERSION = YES;
				CLANG_WARN_COMMA = YES;
				CLANG_WARN_CONSTANT_CONVERSION = YES;
				CLANG_WARN_DEPRECATED_OBJC_IMPLEMENTATIONS = YES;
				CLANG_WARN_DIRECT_OBJC_ISA_USAGE = YES_ERROR;
				CLANG_WARN_DOCUMENTATION_COMMENTS = YES;
				CLANG_WARN_EMPTY_BODY = YES;
				CLANG_WARN_ENUM_CONVERSION = YES;
				CLANG_WARN_INFINITE_RECURSION = YES;
				CLANG_WARN_INT_CONVERSION = YES;
				CLANG_WARN_NON_LITERAL_NULL_CONVERSION = YES;
				CLANG_WARN_OBJC_IMPLICIT_RETAIN_SELF = YES;
				CLANG_WARN_OBJC_LITERAL_CONVERSION = YES;
				CLANG_WARN_OBJC_ROOT_CLASS = YES_ERROR;
				CLANG_WARN_RANGE_LOOP_ANALYSIS = YES;
				CLANG_WARN_STRICT_PROTOTYPES = YES;
				CLANG_WARN_SUSPICIOUS_MOVE = YES;
				CLANG_WARN_UNGUARDED_AVAILABILITY = YES_AGGRESSIVE;
				CLANG_WARN_UNREACHABLE_CODE = YES;
				CLANG_WARN__DUPLICATE_METHOD_MATCH = YES;
				CODE_SIGN_IDENTITY = "iPhone Developer";
				COPY_PHASE_STRIP = NO;
				DEBUG_INFORMATION_FORMAT = "dwarf-with-dsym";
				ENABLE_NS_ASSERTIONS = NO;
				ENABLE_STRICT_OBJC_MSGSEND = YES;
				GCC_C_LANGUAGE_STANDARD = gnu11;
				GCC_NO_COMMON_BLOCKS = YES;
				GCC_WARN_64_TO_32_BIT_CONVERSION = YES;
				GCC_WARN_ABOUT_RETURN_TYPE = YES_ERROR;
				GCC_WARN_UNDECLARED_SELECTOR = YES;
				GCC_WARN_UNINITIALIZED_AUTOS = YES_AGGRESSIVE;
				GCC_WARN_UNUSED_FUNCTION = YES;
				GCC_WARN_UNUSED_VARIABLE = YES;
				IPHONEOS_DEPLOYMENT_TARGET = 12.1;
				MTL_ENABLE_DEBUG_INFO = NO;
				MTL_FAST_MATH = YES;
				SDKROOT = iphoneos;
				SWIFT_COMPILATION_MODE = wholemodule;
				SWIFT_OPTIMIZATION_LEVEL = "-O";
				VALIDATE_PRODUCT = YES;
			};
			name = Release;
		};
		4BF0A4F021976A7300E72125 /* Debug */ = {
			isa = XCBuildConfiguration;
			buildSettings = {
				ASSETCATALOG_COMPILER_APPICON_NAME = AppIcon;
				CODE_SIGN_STYLE = Automatic;
				DEVELOPMENT_TEAM = 2KR74K4LPQ;
				INFOPLIST_FILE = movie_displayer/Info.plist;
				LD_RUNPATH_SEARCH_PATHS = (
					"$(inherited)",
					"@executable_path/Frameworks",
				);
				PRODUCT_BUNDLE_IDENTIFIER = "com.andresMurguido.movie-displayer";
				PRODUCT_NAME = "$(TARGET_NAME)";
				SWIFT_VERSION = 4.2;
				TARGETED_DEVICE_FAMILY = "1,2";
			};
			name = Debug;
		};
		4BF0A4F121976A7300E72125 /* Release */ = {
			isa = XCBuildConfiguration;
			buildSettings = {
				ASSETCATALOG_COMPILER_APPICON_NAME = AppIcon;
				CODE_SIGN_STYLE = Automatic;
				DEVELOPMENT_TEAM = 2KR74K4LPQ;
				INFOPLIST_FILE = movie_displayer/Info.plist;
				LD_RUNPATH_SEARCH_PATHS = (
					"$(inherited)",
					"@executable_path/Frameworks",
				);
				PRODUCT_BUNDLE_IDENTIFIER = "com.andresMurguido.movie-displayer";
				PRODUCT_NAME = "$(TARGET_NAME)";
				SWIFT_VERSION = 4.2;
				TARGETED_DEVICE_FAMILY = "1,2";
			};
			name = Release;
		};
/* End XCBuildConfiguration section */

/* Begin XCConfigurationList section */
		4BF0A4D821976A7200E72125 /* Build configuration list for PBXProject "movie_displayer" */ = {
			isa = XCConfigurationList;
			buildConfigurations = (
				4BF0A4ED21976A7300E72125 /* Debug */,
				4BF0A4EE21976A7300E72125 /* Release */,
			);
			defaultConfigurationIsVisible = 0;
			defaultConfigurationName = Release;
		};
		4BF0A4EF21976A7300E72125 /* Build configuration list for PBXNativeTarget "movie_displayer" */ = {
			isa = XCConfigurationList;
			buildConfigurations = (
				4BF0A4F021976A7300E72125 /* Debug */,
				4BF0A4F121976A7300E72125 /* Release */,
			);
			defaultConfigurationIsVisible = 0;
			defaultConfigurationName = Release;
		};
/* End XCConfigurationList section */
	};
	rootObject = 4BF0A4D521976A7200E72125 /* Project object */;
}
